// !$*UTF8*$!
{
	archiveVersion = 1;
	classes = {
	};
	objectVersion = 56;
	objects = {

/* Begin PBXBuildFile section */
		474A17782C75FB96005CE676 /* BuildFormExampleApp.swift in Sources */ = {isa = PBXBuildFile; fileRef = 474A17772C75FB96005CE676 /* BuildFormExampleApp.swift */; };
		474A177A2C75FB96005CE676 /* ContentView.swift in Sources */ = {isa = PBXBuildFile; fileRef = 474A17792C75FB96005CE676 /* ContentView.swift */; };
		474A177C2C75FB98005CE676 /* Assets.xcassets in Resources */ = {isa = PBXBuildFile; fileRef = 474A177B2C75FB98005CE676 /* Assets.xcassets */; };
		474A177F2C75FB98005CE676 /* Preview Assets.xcassets in Resources */ = {isa = PBXBuildFile; fileRef = 474A177E2C75FB98005CE676 /* Preview Assets.xcassets */; };
		474A17892C75FB98005CE676 /* BuildFormExampleTests.swift in Sources */ = {isa = PBXBuildFile; fileRef = 474A17882C75FB98005CE676 /* BuildFormExampleTests.swift */; };
		474A17932C75FB98005CE676 /* BuildFormExampleUITests.swift in Sources */ = {isa = PBXBuildFile; fileRef = 474A17922C75FB98005CE676 /* BuildFormExampleUITests.swift */; };
		474A17952C75FB98005CE676 /* BuildFormExampleUITestsLaunchTests.swift in Sources */ = {isa = PBXBuildFile; fileRef = 474A17942C75FB98005CE676 /* BuildFormExampleUITestsLaunchTests.swift */; };
/* End PBXBuildFile section */

/* Begin PBXContainerItemProxy section */
		474A17852C75FB98005CE676 /* PBXContainerItemProxy */ = {
			isa = PBXContainerItemProxy;
			containerPortal = 474A176C2C75FB96005CE676 /* Project object */;
			proxyType = 1;
			remoteGlobalIDString = 474A17732C75FB96005CE676;
			remoteInfo = BuildFormExample;
		};
		474A178F2C75FB98005CE676 /* PBXContainerItemProxy */ = {
			isa = PBXContainerItemProxy;
			containerPortal = 474A176C2C75FB96005CE676 /* Project object */;
			proxyType = 1;
			remoteGlobalIDString = 474A17732C75FB96005CE676;
			remoteInfo = BuildFormExample;
		};
/* End PBXContainerItemProxy section */

/* Begin PBXFileReference section */
		474A17742C75FB96005CE676 /* BuildFormExample.app */ = {isa = PBXFileReference; explicitFileType = wrapper.application; includeInIndex = 0; path = BuildFormExample.app; sourceTree = BUILT_PRODUCTS_DIR; };
		474A17772C75FB96005CE676 /* BuildFormExampleApp.swift */ = {isa = PBXFileReference; lastKnownFileType = sourcecode.swift; path = BuildFormExampleApp.swift; sourceTree = "<group>"; };
		474A17792C75FB96005CE676 /* ContentView.swift */ = {isa = PBXFileReference; lastKnownFileType = sourcecode.swift; path = ContentView.swift; sourceTree = "<group>"; };
		474A177B2C75FB98005CE676 /* Assets.xcassets */ = {isa = PBXFileReference; lastKnownFileType = folder.assetcatalog; path = Assets.xcassets; sourceTree = "<group>"; };
		474A177E2C75FB98005CE676 /* Preview Assets.xcassets */ = {isa = PBXFileReference; lastKnownFileType = folder.assetcatalog; path = "Preview Assets.xcassets"; sourceTree = "<group>"; };
		474A17842C75FB98005CE676 /* BuildFormExampleTests.xctest */ = {isa = PBXFileReference; explicitFileType = wrapper.cfbundle; includeInIndex = 0; path = BuildFormExampleTests.xctest; sourceTree = BUILT_PRODUCTS_DIR; };
		474A17882C75FB98005CE676 /* BuildFormExampleTests.swift */ = {isa = PBXFileReference; lastKnownFileType = sourcecode.swift; path = BuildFormExampleTests.swift; sourceTree = "<group>"; };
		474A178E2C75FB98005CE676 /* BuildFormExampleUITests.xctest */ = {isa = PBXFileReference; explicitFileType = wrapper.cfbundle; includeInIndex = 0; path = BuildFormExampleUITests.xctest; sourceTree = BUILT_PRODUCTS_DIR; };
		474A17922C75FB98005CE676 /* BuildFormExampleUITests.swift */ = {isa = PBXFileReference; lastKnownFileType = sourcecode.swift; path = BuildFormExampleUITests.swift; sourceTree = "<group>"; };
		474A17942C75FB98005CE676 /* BuildFormExampleUITestsLaunchTests.swift */ = {isa = PBXFileReference; lastKnownFileType = sourcecode.swift; path = BuildFormExampleUITestsLaunchTests.swift; sourceTree = "<group>"; };
/* End PBXFileReference section */

/* Begin PBXFrameworksBuildPhase section */
		474A17712C75FB96005CE676 /* Frameworks */ = {
			isa = PBXFrameworksBuildPhase;
			buildActionMask = 2147483647;
			files = (
			);
			runOnlyForDeploymentPostprocessing = 0;
		};
		474A17812C75FB98005CE676 /* Frameworks */ = {
			isa = PBXFrameworksBuildPhase;
			buildActionMask = 2147483647;
			files = (
			);
			runOnlyForDeploymentPostprocessing = 0;
		};
		474A178B2C75FB98005CE676 /* Frameworks */ = {
			isa = PBXFrameworksBuildPhase;
			buildActionMask = 2147483647;
			files = (
			);
			runOnlyForDeploymentPostprocessing = 0;
		};
/* End PBXFrameworksBuildPhase section */

/* Begin PBXGroup section */
		474A176B2C75FB96005CE676 = {
			isa = PBXGroup;
			children = (
				474A17762C75FB96005CE676 /* BuildFormExample */,
				474A17872C75FB98005CE676 /* BuildFormExampleTests */,
				474A17912C75FB98005CE676 /* BuildFormExampleUITests */,
				474A17752C75FB96005CE676 /* Products */,
			);
			sourceTree = "<group>";
		};
		474A17752C75FB96005CE676 /* Products */ = {
			isa = PBXGroup;
			children = (
				474A17742C75FB96005CE676 /* BuildFormExample.app */,
				474A17842C75FB98005CE676 /* BuildFormExampleTests.xctest */,
				474A178E2C75FB98005CE676 /* BuildFormExampleUITests.xctest */,
			);
			name = Products;
			sourceTree = "<group>";
		};
		474A17762C75FB96005CE676 /* BuildFormExample */ = {
			isa = PBXGroup;
			children = (
				474A17772C75FB96005CE676 /* BuildFormExampleApp.swift */,
				474A17792C75FB96005CE676 /* ContentView.swift */,
				474A177B2C75FB98005CE676 /* Assets.xcassets */,
				474A177D2C75FB98005CE676 /* Preview Content */,
			);
			path = BuildFormExample;
			sourceTree = "<group>";
		};
		474A177D2C75FB98005CE676 /* Preview Content */ = {
			isa = PBXGroup;
			children = (
				474A177E2C75FB98005CE676 /* Preview Assets.xcassets */,
			);
			path = "Preview Content";
			sourceTree = "<group>";
		};
		474A17872C75FB98005CE676 /* BuildFormExampleTests */ = {
			isa = PBXGroup;
			children = (
				474A17882C75FB98005CE676 /* BuildFormExampleTests.swift */,
			);
			path = BuildFormExampleTests;
			sourceTree = "<group>";
		};
		474A17912C75FB98005CE676 /* BuildFormExampleUITests */ = {
			isa = PBXGroup;
			children = (
				474A17922C75FB98005CE676 /* BuildFormExampleUITests.swift */,
				474A17942C75FB98005CE676 /* BuildFormExampleUITestsLaunchTests.swift */,
			);
			path = BuildFormExampleUITests;
			sourceTree = "<group>";
		};
/* End PBXGroup section */

/* Begin PBXNativeTarget section */
		474A17732C75FB96005CE676 /* BuildFormExample */ = {
			isa = PBXNativeTarget;
			buildConfigurationList = 474A17982C75FB98005CE676 /* Build configuration list for PBXNativeTarget "BuildFormExample" */;
			buildPhases = (
				474A17702C75FB96005CE676 /* Sources */,
				474A17712C75FB96005CE676 /* Frameworks */,
				474A17722C75FB96005CE676 /* Resources */,
			);
			buildRules = (
			);
			dependencies = (
			);
			name = BuildFormExample;
			productName = BuildFormExample;
			productReference = 474A17742C75FB96005CE676 /* BuildFormExample.app */;
			productType = "com.apple.product-type.application";
		};
		474A17832C75FB98005CE676 /* BuildFormExampleTests */ = {
			isa = PBXNativeTarget;
			buildConfigurationList = 474A179B2C75FB98005CE676 /* Build configuration list for PBXNativeTarget "BuildFormExampleTests" */;
			buildPhases = (
				474A17802C75FB98005CE676 /* Sources */,
				474A17812C75FB98005CE676 /* Frameworks */,
				474A17822C75FB98005CE676 /* Resources */,
			);
			buildRules = (
			);
			dependencies = (
				474A17862C75FB98005CE676 /* PBXTargetDependency */,
			);
			name = BuildFormExampleTests;
			productName = BuildFormExampleTests;
			productReference = 474A17842C75FB98005CE676 /* BuildFormExampleTests.xctest */;
			productType = "com.apple.product-type.bundle.unit-test";
		};
		474A178D2C75FB98005CE676 /* BuildFormExampleUITests */ = {
			isa = PBXNativeTarget;
			buildConfigurationList = 474A179E2C75FB98005CE676 /* Build configuration list for PBXNativeTarget "BuildFormExampleUITests" */;
			buildPhases = (
				474A178A2C75FB98005CE676 /* Sources */,
				474A178B2C75FB98005CE676 /* Frameworks */,
				474A178C2C75FB98005CE676 /* Resources */,
			);
			buildRules = (
			);
			dependencies = (
				474A17902C75FB98005CE676 /* PBXTargetDependency */,
			);
			name = BuildFormExampleUITests;
			productName = BuildFormExampleUITests;
			productReference = 474A178E2C75FB98005CE676 /* BuildFormExampleUITests.xctest */;
			productType = "com.apple.product-type.bundle.ui-testing";
		};
/* End PBXNativeTarget section */

/* Begin PBXProject section */
		474A176C2C75FB96005CE676 /* Project object */ = {
			isa = PBXProject;
			attributes = {
				BuildIndependentTargetsInParallel = 1;
				LastSwiftUpdateCheck = 1510;
				LastUpgradeCheck = 1510;
				TargetAttributes = {
					474A17732C75FB96005CE676 = {
						CreatedOnToolsVersion = 15.1;
					};
					474A17832C75FB98005CE676 = {
						CreatedOnToolsVersion = 15.1;
						TestTargetID = 474A17732C75FB96005CE676;
					};
					474A178D2C75FB98005CE676 = {
						CreatedOnToolsVersion = 15.1;
						TestTargetID = 474A17732C75FB96005CE676;
					};
				};
			};
			buildConfigurationList = 474A176F2C75FB96005CE676 /* Build configuration list for PBXProject "BuildFormExample" */;
			compatibilityVersion = "Xcode 14.0";
			developmentRegion = en;
			hasScannedForEncodings = 0;
			knownRegions = (
				en,
				Base,
			);
			mainGroup = 474A176B2C75FB96005CE676;
			productRefGroup = 474A17752C75FB96005CE676 /* Products */;
			projectDirPath = "";
			projectRoot = "";
			targets = (
				474A17732C75FB96005CE676 /* BuildFormExample */,
				474A17832C75FB98005CE676 /* BuildFormExampleTests */,
				474A178D2C75FB98005CE676 /* BuildFormExampleUITests */,
			);
		};
/* End PBXProject section */

/* Begin PBXResourcesBuildPhase section */
		474A17722C75FB96005CE676 /* Resources */ = {
			isa = PBXResourcesBuildPhase;
			buildActionMask = 2147483647;
			files = (
				474A177F2C75FB98005CE676 /* Preview Assets.xcassets in Resources */,
				474A177C2C75FB98005CE676 /* Assets.xcassets in Resources */,
			);
			runOnlyForDeploymentPostprocessing = 0;
		};
		474A17822C75FB98005CE676 /* Resources */ = {
			isa = PBXResourcesBuildPhase;
			buildActionMask = 2147483647;
			files = (
			);
			runOnlyForDeploymentPostprocessing = 0;
		};
		474A178C2C75FB98005CE676 /* Resources */ = {
			isa = PBXResourcesBuildPhase;
			buildActionMask = 2147483647;
			files = (
			);
			runOnlyForDeploymentPostprocessing = 0;
		};
/* End PBXResourcesBuildPhase section */

/* Begin PBXSourcesBuildPhase section */
		474A17702C75FB96005CE676 /* Sources */ = {
			isa = PBXSourcesBuildPhase;
			buildActionMask = 2147483647;
			files = (
				474A177A2C75FB96005CE676 /* ContentView.swift in Sources */,
				474A17782C75FB96005CE676 /* BuildFormExampleApp.swift in Sources */,
			);
			runOnlyForDeploymentPostprocessing = 0;
		};
		474A17802C75FB98005CE676 /* Sources */ = {
			isa = PBXSourcesBuildPhase;
			buildActionMask = 2147483647;
			files = (
				474A17892C75FB98005CE676 /* BuildFormExampleTests.swift in Sources */,
			);
			runOnlyForDeploymentPostprocessing = 0;
		};
		474A178A2C75FB98005CE676 /* Sources */ = {
			isa = PBXSourcesBuildPhase;
			buildActionMask = 2147483647;
			files = (
				474A17952C75FB98005CE676 /* BuildFormExampleUITestsLaunchTests.swift in Sources */,
				474A17932C75FB98005CE676 /* BuildFormExampleUITests.swift in Sources */,
			);
			runOnlyForDeploymentPostprocessing = 0;
		};
/* End PBXSourcesBuildPhase section */

/* Begin PBXTargetDependency section */
		474A17862C75FB98005CE676 /* PBXTargetDependency */ = {
			isa = PBXTargetDependency;
			target = 474A17732C75FB96005CE676 /* BuildFormExample */;
			targetProxy = 474A17852C75FB98005CE676 /* PBXContainerItemProxy */;
		};
		474A17902C75FB98005CE676 /* PBXTargetDependency */ = {
			isa = PBXTargetDependency;
			target = 474A17732C75FB96005CE676 /* BuildFormExample */;
			targetProxy = 474A178F2C75FB98005CE676 /* PBXContainerItemProxy */;
		};
/* End PBXTargetDependency section */

/* Begin XCBuildConfiguration section */
		474A17962C75FB98005CE676 /* Debug */ = {
			isa = XCBuildConfiguration;
			buildSettings = {
				ALWAYS_SEARCH_USER_PATHS = NO;
				ASSETCATALOG_COMPILER_GENERATE_SWIFT_ASSET_SYMBOL_EXTENSIONS = YES;
				CLANG_ANALYZER_NONNULL = YES;
				CLANG_ANALYZER_NUMBER_OBJECT_CONVERSION = YES_AGGRESSIVE;
				CLANG_CXX_LANGUAGE_STANDARD = "gnu++20";
				CLANG_ENABLE_MODULES = YES;
				CLANG_ENABLE_OBJC_ARC = YES;
				CLANG_ENABLE_OBJC_WEAK = YES;
				CLANG_WARN_BLOCK_CAPTURE_AUTORELEASING = YES;
				CLANG_WARN_BOOL_CONVERSION = YES;
				CLANG_WARN_COMMA = YES;
				CLANG_WARN_CONSTANT_CONVERSION = YES;
				CLANG_WARN_DEPRECATED_OBJC_IMPLEMENTATIONS = YES;
				CLANG_WARN_DIRECT_OBJC_ISA_USAGE = YES_ERROR;
				CLANG_WARN_DOCUMENTATION_COMMENTS = YES;
				CLANG_WARN_EMPTY_BODY = YES;
				CLANG_WARN_ENUM_CONVERSION = YES;
				CLANG_WARN_INFINITE_RECURSION = YES;
				CLANG_WARN_INT_CONVERSION = YES;
				CLANG_WARN_NON_LITERAL_NULL_CONVERSION = YES;
				CLANG_WARN_OBJC_IMPLICIT_RETAIN_SELF = YES;
				CLANG_WARN_OBJC_LITERAL_CONVERSION = YES;
				CLANG_WARN_OBJC_ROOT_CLASS = YES_ERROR;
				CLANG_WARN_QUOTED_INCLUDE_IN_FRAMEWORK_HEADER = YES;
				CLANG_WARN_RANGE_LOOP_ANALYSIS = YES;
				CLANG_WARN_STRICT_PROTOTYPES = YES;
				CLANG_WARN_SUSPICIOUS_MOVE = YES;
				CLANG_WARN_UNGUARDED_AVAILABILITY = YES_AGGRESSIVE;
				CLANG_WARN_UNREACHABLE_CODE = YES;
				CLANG_WARN__DUPLICATE_METHOD_MATCH = YES;
				COPY_PHASE_STRIP = NO;
				DEBUG_INFORMATION_FORMAT = dwarf;
				ENABLE_STRICT_OBJC_MSGSEND = YES;
				ENABLE_TESTABILITY = YES;
				ENABLE_USER_SCRIPT_SANDBOXING = YES;
				GCC_C_LANGUAGE_STANDARD = gnu17;
				GCC_DYNAMIC_NO_PIC = NO;
				GCC_NO_COMMON_BLOCKS = YES;
				GCC_OPTIMIZATION_LEVEL = 0;
				GCC_PREPROCESSOR_DEFINITIONS = (
					"DEBUG=1",
					"$(inherited)",
				);
				GCC_WARN_64_TO_32_BIT_CONVERSION = YES;
				GCC_WARN_ABOUT_RETURN_TYPE = YES_ERROR;
				GCC_WARN_UNDECLARED_SELECTOR = YES;
				GCC_WARN_UNINITIALIZED_AUTOS = YES_AGGRESSIVE;
				GCC_WARN_UNUSED_FUNCTION = YES;
				GCC_WARN_UNUSED_VARIABLE = YES;
				IPHONEOS_DEPLOYMENT_TARGET = 17.2;
				LOCALIZATION_PREFERS_STRING_CATALOGS = YES;
				MTL_ENABLE_DEBUG_INFO = INCLUDE_SOURCE;
				MTL_FAST_MATH = YES;
				ONLY_ACTIVE_ARCH = YES;
				SDKROOT = iphoneos;
				SWIFT_ACTIVE_COMPILATION_CONDITIONS = "DEBUG $(inherited)";
				SWIFT_OPTIMIZATION_LEVEL = "-Onone";
			};
			name = Debug;
		};
		474A17972C75FB98005CE676 /* Release */ = {
			isa = XCBuildConfiguration;
			buildSettings = {
				ALWAYS_SEARCH_USER_PATHS = NO;
				ASSETCATALOG_COMPILER_GENERATE_SWIFT_ASSET_SYMBOL_EXTENSIONS = YES;
				CLANG_ANALYZER_NONNULL = YES;
				CLANG_ANALYZER_NUMBER_OBJECT_CONVERSION = YES_AGGRESSIVE;
				CLANG_CXX_LANGUAGE_STANDARD = "gnu++20";
				CLANG_ENABLE_MODULES = YES;
				CLANG_ENABLE_OBJC_ARC = YES;
				CLANG_ENABLE_OBJC_WEAK = YES;
				CLANG_WARN_BLOCK_CAPTURE_AUTORELEASING = YES;
				CLANG_WARN_BOOL_CONVERSION = YES;
				CLANG_WARN_COMMA = YES;
				CLANG_WARN_CONSTANT_CONVERSION = YES;
				CLANG_WARN_DEPRECATED_OBJC_IMPLEMENTATIONS = YES;
				CLANG_WARN_DIRECT_OBJC_ISA_USAGE = YES_ERROR;
				CLANG_WARN_DOCUMENTATION_COMMENTS = YES;
				CLANG_WARN_EMPTY_BODY = YES;
				CLANG_WARN_ENUM_CONVERSION = YES;
				CLANG_WARN_INFINITE_RECURSION = YES;
				CLANG_WARN_INT_CONVERSION = YES;
				CLANG_WARN_NON_LITERAL_NULL_CONVERSION = YES;
				CLANG_WARN_OBJC_IMPLICIT_RETAIN_SELF = YES;
				CLANG_WARN_OBJC_LITERAL_CONVERSION = YES;
				CLANG_WARN_OBJC_ROOT_CLASS = YES_ERROR;
				CLANG_WARN_QUOTED_INCLUDE_IN_FRAMEWORK_HEADER = YES;
				CLANG_WARN_RANGE_LOOP_ANALYSIS = YES;
				CLANG_WARN_STRICT_PROTOTYPES = YES;
				CLANG_WARN_SUSPICIOUS_MOVE = YES;
				CLANG_WARN_UNGUARDED_AVAILABILITY = YES_AGGRESSIVE;
				CLANG_WARN_UNREACHABLE_CODE = YES;
				CLANG_WARN__DUPLICATE_METHOD_MATCH = YES;
				COPY_PHASE_STRIP = NO;
				DEBUG_INFORMATION_FORMAT = "dwarf-with-dsym";
				ENABLE_NS_ASSERTIONS = NO;
				ENABLE_STRICT_OBJC_MSGSEND = YES;
				ENABLE_USER_SCRIPT_SANDBOXING = YES;
				GCC_C_LANGUAGE_STANDARD = gnu17;
				GCC_NO_COMMON_BLOCKS = YES;
				GCC_WARN_64_TO_32_BIT_CONVERSION = YES;
				GCC_WARN_ABOUT_RETURN_TYPE = YES_ERROR;
				GCC_WARN_UNDECLARED_SELECTOR = YES;
				GCC_WARN_UNINITIALIZED_AUTOS = YES_AGGRESSIVE;
				GCC_WARN_UNUSED_FUNCTION = YES;
				GCC_WARN_UNUSED_VARIABLE = YES;
				IPHONEOS_DEPLOYMENT_TARGET = 17.2;
				LOCALIZATION_PREFERS_STRING_CATALOGS = YES;
				MTL_ENABLE_DEBUG_INFO = NO;
				MTL_FAST_MATH = YES;
				SDKROOT = iphoneos;
				SWIFT_COMPILATION_MODE = wholemodule;
				VALIDATE_PRODUCT = YES;
			};
			name = Release;
		};
		474A17992C75FB98005CE676 /* Debug */ = {
			isa = XCBuildConfiguration;
			buildSettings = {
				ASSETCATALOG_COMPILER_APPICON_NAME = AppIcon;
				ASSETCATALOG_COMPILER_GLOBAL_ACCENT_COLOR_NAME = AccentColor;
				CODE_SIGN_STYLE = Automatic;
				CURRENT_PROJECT_VERSION = 1;
				DEVELOPMENT_ASSET_PATHS = "\"BuildFormExample/Preview Content\"";
				DEVELOPMENT_TEAM = 2575397245;
				ENABLE_PREVIEWS = YES;
				GENERATE_INFOPLIST_FILE = YES;
				INFOPLIST_KEY_UIApplicationSceneManifest_Generation = YES;
				INFOPLIST_KEY_UIApplicationSupportsIndirectInputEvents = YES;
				INFOPLIST_KEY_UILaunchScreen_Generation = YES;
				INFOPLIST_KEY_UISupportedInterfaceOrientations_iPad = "UIInterfaceOrientationPortrait UIInterfaceOrientationPortraitUpsideDown UIInterfaceOrientationLandscapeLeft UIInterfaceOrientationLandscapeRight";
				INFOPLIST_KEY_UISupportedInterfaceOrientations_iPhone = "UIInterfaceOrientationPortrait UIInterfaceOrientationLandscapeLeft UIInterfaceOrientationLandscapeRight";
				LD_RUNPATH_SEARCH_PATHS = (
					"$(inherited)",
					"@executable_path/Frameworks",
				);
				MARKETING_VERSION = 1.0;
				PRODUCT_BUNDLE_IDENTIFIER = om.omantel.employeeapp.BuildFormExample;
				PRODUCT_NAME = "$(TARGET_NAME)";
				SWIFT_EMIT_LOC_STRINGS = YES;
				SWIFT_VERSION = 5.0;
				TARGETED_DEVICE_FAMILY = "1,2";
			};
			name = Debug;
		};
		474A179A2C75FB98005CE676 /* Release */ = {
			isa = XCBuildConfiguration;
			buildSettings = {
				ASSETCATALOG_COMPILER_APPICON_NAME = AppIcon;
				ASSETCATALOG_COMPILER_GLOBAL_ACCENT_COLOR_NAME = AccentColor;
				CODE_SIGN_STYLE = Automatic;
				CURRENT_PROJECT_VERSION = 1;
				DEVELOPMENT_ASSET_PATHS = "\"BuildFormExample/Preview Content\"";
				DEVELOPMENT_TEAM = 2575397245;
				ENABLE_PREVIEWS = YES;
				GENERATE_INFOPLIST_FILE = YES;
				INFOPLIST_KEY_UIApplicationSceneManifest_Generation = YES;
				INFOPLIST_KEY_UIApplicationSupportsIndirectInputEvents = YES;
				INFOPLIST_KEY_UILaunchScreen_Generation = YES;
				INFOPLIST_KEY_UISupportedInterfaceOrientations_iPad = "UIInterfaceOrientationPortrait UIInterfaceOrientationPortraitUpsideDown UIInterfaceOrientationLandscapeLeft UIInterfaceOrientationLandscapeRight";
				INFOPLIST_KEY_UISupportedInterfaceOrientations_iPhone = "UIInterfaceOrientationPortrait UIInterfaceOrientationLandscapeLeft UIInterfaceOrientationLandscapeRight";
				LD_RUNPATH_SEARCH_PATHS = (
					"$(inherited)",
					"@executable_path/Frameworks",
				);
				MARKETING_VERSION = 1.0;
				PRODUCT_BUNDLE_IDENTIFIER = om.omantel.employeeapp.BuildFormExample;
				PRODUCT_NAME = "$(TARGET_NAME)";
				SWIFT_EMIT_LOC_STRINGS = YES;
				SWIFT_VERSION = 5.0;
				TARGETED_DEVICE_FAMILY = "1,2";
			};
			name = Release;
		};
		474A179C2C75FB98005CE676 /* Debug */ = {
			isa = XCBuildConfiguration;
			buildSettings = {
				ALWAYS_EMBED_SWIFT_STANDARD_LIBRARIES = YES;
				BUNDLE_LOADER = "$(TEST_HOST)";
				CODE_SIGN_STYLE = Automatic;
				CURRENT_PROJECT_VERSION = 1;
				DEVELOPMENT_TEAM = 2575397245;
				GENERATE_INFOPLIST_FILE = YES;
				IPHONEOS_DEPLOYMENT_TARGET = 17.2;
				MARKETING_VERSION = 1.0;
				PRODUCT_BUNDLE_IDENTIFIER = om.omantel.employeeapp.BuildFormExampleTests;
				PRODUCT_NAME = "$(TARGET_NAME)";
				SWIFT_EMIT_LOC_STRINGS = NO;
				SWIFT_VERSION = 5.0;
				TARGETED_DEVICE_FAMILY = "1,2";
				TEST_HOST = "$(BUILT_PRODUCTS_DIR)/BuildFormExample.app/$(BUNDLE_EXECUTABLE_FOLDER_PATH)/BuildFormExample";
			};
			name = Debug;
		};
		474A179D2C75FB98005CE676 /* Release */ = {
			isa = XCBuildConfiguration;
			buildSettings = {
				ALWAYS_EMBED_SWIFT_STANDARD_LIBRARIES = YES;
				BUNDLE_LOADER = "$(TEST_HOST)";
				CODE_SIGN_STYLE = Automatic;
				CURRENT_PROJECT_VERSION = 1;
				DEVELOPMENT_TEAM = 2575397245;
				GENERATE_INFOPLIST_FILE = YES;
				IPHONEOS_DEPLOYMENT_TARGET = 17.2;
				MARKETING_VERSION = 1.0;
				PRODUCT_BUNDLE_IDENTIFIER = om.omantel.employeeapp.BuildFormExampleTests;
				PRODUCT_NAME = "$(TARGET_NAME)";
				SWIFT_EMIT_LOC_STRINGS = NO;
				SWIFT_VERSION = 5.0;
				TARGETED_DEVICE_FAMILY = "1,2";
				TEST_HOST = "$(BUILT_PRODUCTS_DIR)/BuildFormExample.app/$(BUNDLE_EXECUTABLE_FOLDER_PATH)/BuildFormExample";
			};
			name = Release;
		};
		474A179F2C75FB98005CE676 /* Debug */ = {
			isa = XCBuildConfiguration;
			buildSettings = {
				ALWAYS_EMBED_SWIFT_STANDARD_LIBRARIES = YES;
				CODE_SIGN_STYLE = Automatic;
				CURRENT_PROJECT_VERSION = 1;
				DEVELOPMENT_TEAM = 2575397245;
				GENERATE_INFOPLIST_FILE = YES;
				MARKETING_VERSION = 1.0;
				PRODUCT_BUNDLE_IDENTIFIER = om.omantel.employeeapp.BuildFormExampleUITests;
				PRODUCT_NAME = "$(TARGET_NAME)";
				SWIFT_EMIT_LOC_STRINGS = NO;
				SWIFT_VERSION = 5.0;
				TARGETED_DEVICE_FAMILY = "1,2";
				TEST_TARGET_NAME = BuildFormExample;
			};
			name = Debug;
		};
		474A17A02C75FB98005CE676 /* Release */ = {
			isa = XCBuildConfiguration;
			buildSettings = {
				ALWAYS_EMBED_SWIFT_STANDARD_LIBRARIES = YES;
				CODE_SIGN_STYLE = Automatic;
				CURRENT_PROJECT_VERSION = 1;
				DEVELOPMENT_TEAM = 2575397245;
				GENERATE_INFOPLIST_FILE = YES;
				MARKETING_VERSION = 1.0;
				PRODUCT_BUNDLE_IDENTIFIER = om.omantel.employeeapp.BuildFormExampleUITests;
				PRODUCT_NAME = "$(TARGET_NAME)";
				SWIFT_EMIT_LOC_STRINGS = NO;
				SWIFT_VERSION = 5.0;
				TARGETED_DEVICE_FAMILY = "1,2";
				TEST_TARGET_NAME = BuildFormExample;
			};
			name = Release;
		};
/* End XCBuildConfiguration section */

/* Begin XCConfigurationList section */
		474A176F2C75FB96005CE676 /* Build configuration list for PBXProject "BuildFormExample" */ = {
			isa = XCConfigurationList;
			buildConfigurations = (
				474A17962C75FB98005CE676 /* Debug */,
				474A17972C75FB98005CE676 /* Release */,
			);
			defaultConfigurationIsVisible = 0;
			defaultConfigurationName = Release;
		};
		474A17982C75FB98005CE676 /* Build configuration list for PBXNativeTarget "BuildFormExample" */ = {
			isa = XCConfigurationList;
			buildConfigurations = (
				474A17992C75FB98005CE676 /* Debug */,
				474A179A2C75FB98005CE676 /* Release */,
			);
			defaultConfigurationIsVisible = 0;
			defaultConfigurationName = Release;
		};
		474A179B2C75FB98005CE676 /* Build configuration list for PBXNativeTarget "BuildFormExampleTests" */ = {
			isa = XCConfigurationList;
			buildConfigurations = (
				474A179C2C75FB98005CE676 /* Debug */,
				474A179D2C75FB98005CE676 /* Release */,
			);
			defaultConfigurationIsVisible = 0;
			defaultConfigurationName = Release;
		};
		474A179E2C75FB98005CE676 /* Build configuration list for PBXNativeTarget "BuildFormExampleUITests" */ = {
			isa = XCConfigurationList;
			buildConfigurations = (
				474A179F2C75FB98005CE676 /* Debug */,
				474A17A02C75FB98005CE676 /* Release */,
			);
			defaultConfigurationIsVisible = 0;
			defaultConfigurationName = Release;
		};
/* End XCConfigurationList section */
	};
	rootObject = 474A176C2C75FB96005CE676 /* Project object */;
}
